PODS:
  - AKFloatingLabel (1.0.0)
  - SketchKit (1.0.0)

DEPENDENCIES:
  - AKFloatingLabel (from `../`)
  - SketchKit

SPEC REPOS:
  trunk:
    - SketchKit

EXTERNAL SOURCES:
  AKFloatingLabel:
    :path: "../"

SPEC CHECKSUMS:
  AKFloatingLabel: ec40d2f6c269584ecc5f7773e1382127e6155fef
  SketchKit: 48dac4c734805f3941e29d7e826fb9bfe014dbd4

PODFILE CHECKSUM: c93b7af9ffda02000f3bd8ea93a45a789433f1d8

COCOAPODS: 1.8.4
